{
  "name": "05consuming_publishedcustommodule",
  "version": "1.0.0",
  "lockfileVersion": 3,
  "requires": true,
  "packages": {
    "": {
      "name": "05consuming_publishedcustommodule",
      "version": "1.0.0",
      "license": "ISC",
      "dependencies": {
        "calc_square_cube": "^1.0.0"
      }
    },
    "node_modules/calc_square_cube": {
      "version": "1.0.0",
      "resolved": "https://registry.npmjs.org/calc_square_cube/-/calc_square_cube-1.0.0.tgz",
      "integrity": "sha512-pibkZWiVLX3S/P3dabMyjKcxFen2M/UeE1vt/e/VKSrFvRzxqHP7GxWRpbGGlprr8+cfd/fwOvqBiUiEmjm5vw=="
    }
  }
}
